// !$*UTF8*$!
{
	archiveVersion = 1;
	classes = {
	};
	objectVersion = 46;
	objects = {

/* Begin PBXAggregateTarget section */
		057390814833478880079A76 /* ALL_BUILD */ = {
			isa = PBXAggregateTarget;
			buildConfigurationList = 19333B20EBE54CA68DE90B29 /* Build configuration list for PBXAggregateTarget "ALL_BUILD" */;
			buildPhases = (
				25CAE7B00A224B59B3F7D366 /* CMake Rules */,
			);
			dependencies = (
				4B3441B95BEB4F51B155B46F /* PBXTargetDependency */,
				57C80F2361884F479970F410 /* PBXTargetDependency */,
			);
			name = ALL_BUILD;
			productName = ALL_BUILD;
		};
		ECC51167541F4D10BDD2FAA0 /* ZERO_CHECK */ = {
			isa = PBXAggregateTarget;
			buildConfigurationList = 1783163583F6488BAC732AAE /* Build configuration list for PBXAggregateTarget "ZERO_CHECK" */;
			buildPhases = (
				EF29057C966C49EFA6C8B560 /* CMake Rules */,
			);
			dependencies = (
			);
			name = ZERO_CHECK;
			productName = ZERO_CHECK;
		};
/* End PBXAggregateTarget section */

/* Begin PBXBuildFile section */
		55EF548720C49FEF00DD741D /* behavior.cpp in Sources */ = {isa = PBXBuildFile; fileRef = 55EF548520C49FEF00DD741D /* behavior.cpp */; };
		90EBBCFD17584F429DFBE58A /* main.cpp in Sources */ = {isa = PBXBuildFile; fileRef = 48E67C06DDB3462AB7A77B21 /* main.cpp */; };
/* End PBXBuildFile section */

/* Begin PBXContainerItemProxy section */
		322686454D3446CBA3447433 /* PBXContainerItemProxy */ = {
			isa = PBXContainerItemProxy;
			containerPortal = D9504BC72EFF47449B70B576 /* Project object */;
			proxyType = 1;
			remoteGlobalIDString = ECC51167541F4D10BDD2FAA0;
			remoteInfo = ZERO_CHECK;
		};
		33C77253457F494DBCF4C80E /* PBXContainerItemProxy */ = {
			isa = PBXContainerItemProxy;
			containerPortal = D9504BC72EFF47449B70B576 /* Project object */;
			proxyType = 1;
			remoteGlobalIDString = ECC51167541F4D10BDD2FAA0;
			remoteInfo = ZERO_CHECK;
		};
		9AC5D5FA8D184FC891744FC3 /* PBXContainerItemProxy */ = {
			isa = PBXContainerItemProxy;
			containerPortal = D9504BC72EFF47449B70B576 /* Project object */;
			proxyType = 1;
			remoteGlobalIDString = 9608145EB26E497FB340F9D9;
			remoteInfo = path_planning;
		};
/* End PBXContainerItemProxy section */

/* Begin PBXFileReference section */
		09E933B1F36B4C1AAC9F2C3A /* path_planning */ = {isa = PBXFileReference; explicitFileType = "compiled.mach-o.executable"; path = path_planning; sourceTree = BUILT_PRODUCTS_DIR; };
		0E0C5CB410E547E6A15D76BC /* CMakeLists.txt */ = {isa = PBXFileReference; explicitFileType = sourcecode.text; fileEncoding = 4; lastKnownFileType = text; path = CMakeLists.txt; sourceTree = SOURCE_ROOT; };
		48E67C06DDB3462AB7A77B21 /* main.cpp */ = {isa = PBXFileReference; explicitFileType = sourcecode.cpp.cpp; fileEncoding = 4; name = main.cpp; path = src/main.cpp; sourceTree = SOURCE_ROOT; };
		55EF548020BBE17A00DD741D /* Eigen-3.3 */ = {isa = PBXFileReference; lastKnownFileType = folder; name = "Eigen-3.3"; path = "src/Eigen-3.3"; sourceTree = "<group>"; };
		55EF548120BBE17B00DD741D /* json.hpp */ = {isa = PBXFileReference; fileEncoding = 4; lastKnownFileType = sourcecode.cpp.h; name = json.hpp; path = src/json.hpp; sourceTree = "<group>"; };
		55EF548320BE833500DD741D /* spline.hpp */ = {isa = PBXFileReference; lastKnownFileType = sourcecode.cpp.h; name = spline.hpp; path = src/spline.hpp; sourceTree = "<group>"; };
		55EF548520C49FEF00DD741D /* behavior.cpp */ = {isa = PBXFileReference; lastKnownFileType = sourcecode.cpp.cpp; name = behavior.cpp; path = src/behavior.cpp; sourceTree = "<group>"; };
		55EF548620C49FEF00DD741D /* behavior.hpp */ = {isa = PBXFileReference; lastKnownFileType = sourcecode.cpp.h; name = behavior.hpp; path = src/behavior.hpp; sourceTree = "<group>"; };
		AE9ABE28F9E7430FA26E4939 /* CMakeLists.txt */ = {isa = PBXFileReference; explicitFileType = sourcecode.text; fileEncoding = 4; lastKnownFileType = text; path = CMakeLists.txt; sourceTree = SOURCE_ROOT; };
/* End PBXFileReference section */

/* Begin PBXGroup section */
		1471447A12FB4EFDB44430E1 /* CMake Rules */ = {
			isa = PBXGroup;
			children = (
			);
			name = "CMake Rules";
			sourceTree = "<group>";
		};
		6F24CC3798E84FE18CB461E4 /* path_planning */ = {
			isa = PBXGroup;
			children = (
				EA9193F57B5D495CB3C64390 /* Source Files */,
				0E0C5CB410E547E6A15D76BC /* CMakeLists.txt */,
			);
			name = path_planning;
			sourceTree = "<group>";
		};
		915F9F7220614D03A2EF61C3 /* ALL_BUILD */ = {
			isa = PBXGroup;
			children = (
				1471447A12FB4EFDB44430E1 /* CMake Rules */,
				AE9ABE28F9E7430FA26E4939 /* CMakeLists.txt */,
			);
			name = ALL_BUILD;
			sourceTree = "<group>";
		};
		A8B13D03F2C24970A9509C7A = {
			isa = PBXGroup;
			children = (
				6F24CC3798E84FE18CB461E4 /* path_planning */,
				915F9F7220614D03A2EF61C3 /* ALL_BUILD */,
				B68F4F2A57184CF49C5A7F28 /* Products */,
			);
			sourceTree = "<group>";
		};
		B68F4F2A57184CF49C5A7F28 /* Products */ = {
			isa = PBXGroup;
			children = (
				09E933B1F36B4C1AAC9F2C3A /* path_planning */,
			);
			name = Products;
			sourceTree = "<group>";
		};
		EA9193F57B5D495CB3C64390 /* Source Files */ = {
			isa = PBXGroup;
			children = (
				55EF548020BBE17A00DD741D /* Eigen-3.3 */,
				55EF548120BBE17B00DD741D /* json.hpp */,
				48E67C06DDB3462AB7A77B21 /* main.cpp */,
				55EF548320BE833500DD741D /* spline.hpp */,
				55EF548520C49FEF00DD741D /* behavior.cpp */,
				55EF548620C49FEF00DD741D /* behavior.hpp */,
			);
			name = "Source Files";
			sourceTree = "<group>";
		};
/* End PBXGroup section */

/* Begin PBXNativeTarget section */
		9608145EB26E497FB340F9D9 /* path_planning */ = {
			isa = PBXNativeTarget;
			buildConfigurationList = 28237AD81E60496B95CF42CD /* Build configuration list for PBXNativeTarget "path_planning" */;
			buildPhases = (
				BDE22D1A7EB6437CAA12BE68 /* Sources */,
			);
			buildRules = (
			);
			dependencies = (
				34D32C04F5ED40598DC4949E /* PBXTargetDependency */,
			);
			name = path_planning;
			productName = path_planning;
			productReference = 09E933B1F36B4C1AAC9F2C3A /* path_planning */;
			productType = "com.apple.product-type.tool";
		};
/* End PBXNativeTarget section */

/* Begin PBXProject section */
		D9504BC72EFF47449B70B576 /* Project object */ = {
			isa = PBXProject;
			attributes = {
				BuildIndependentTargetsInParallel = YES;
				LastUpgradeCheck = 0930;
			};
			buildConfigurationList = 35F0934719EE4CE5B2F9EC3B /* Build configuration list for PBXProject "Path_Planning" */;
			compatibilityVersion = "Xcode 3.2";
			developmentRegion = en;
			hasScannedForEncodings = 0;
			knownRegions = (
				en,
			);
			mainGroup = A8B13D03F2C24970A9509C7A;
			projectDirPath = ../;
			projectRoot = "";
			targets = (
				057390814833478880079A76 /* ALL_BUILD */,
				ECC51167541F4D10BDD2FAA0 /* ZERO_CHECK */,
				9608145EB26E497FB340F9D9 /* path_planning */,
			);
		};
/* End PBXProject section */

/* Begin PBXShellScriptBuildPhase section */
		25CAE7B00A224B59B3F7D366 /* CMake Rules */ = {
			isa = PBXShellScriptBuildPhase;
			buildActionMask = 2147483647;
			files = (
			);
			name = "CMake Rules";
			runOnlyForDeploymentPostprocessing = 0;
			shellPath = /bin/sh;
			shellScript = "make -C /Users/ankitgrover/Desktop/Ankit/Udacity/SDC/Github/Term3/CarND-Path-Planning-Project/xcodebuild -f /Users/ankitgrover/Desktop/Ankit/Udacity/SDC/Github/Term3/CarND-Path-Planning-Project/xcodebuild/CMakeScripts/ALL_BUILD_cmakeRulesBuildPhase.make$CONFIGURATION all";
			showEnvVarsInLog = 0;
		};
		EF29057C966C49EFA6C8B560 /* CMake Rules */ = {
			isa = PBXShellScriptBuildPhase;
			buildActionMask = 2147483647;
			files = (
			);
			name = "CMake Rules";
			runOnlyForDeploymentPostprocessing = 0;
			shellPath = /bin/sh;
			shellScript = "make -C /Users/ankitgrover/Desktop/Ankit/Udacity/SDC/Github/Term3/CarND-Path-Planning-Project/xcodebuild -f /Users/ankitgrover/Desktop/Ankit/Udacity/SDC/Github/Term3/CarND-Path-Planning-Project/xcodebuild/CMakeScripts/ZERO_CHECK_cmakeRulesBuildPhase.make$CONFIGURATION all";
			showEnvVarsInLog = 0;
		};
/* End PBXShellScriptBuildPhase section */

/* Begin PBXSourcesBuildPhase section */
		BDE22D1A7EB6437CAA12BE68 /* Sources */ = {
			isa = PBXSourcesBuildPhase;
			buildActionMask = 2147483647;
			files = (
				90EBBCFD17584F429DFBE58A /* main.cpp in Sources */,
				55EF548720C49FEF00DD741D /* behavior.cpp in Sources */,
			);
			runOnlyForDeploymentPostprocessing = 0;
		};
/* End PBXSourcesBuildPhase section */

/* Begin PBXTargetDependency section */
		34D32C04F5ED40598DC4949E /* PBXTargetDependency */ = {
			isa = PBXTargetDependency;
			target = ECC51167541F4D10BDD2FAA0 /* ZERO_CHECK */;
			targetProxy = 322686454D3446CBA3447433 /* PBXContainerItemProxy */;
		};
		4B3441B95BEB4F51B155B46F /* PBXTargetDependency */ = {
			isa = PBXTargetDependency;
			target = 9608145EB26E497FB340F9D9 /* path_planning */;
			targetProxy = 9AC5D5FA8D184FC891744FC3 /* PBXContainerItemProxy */;
		};
		57C80F2361884F479970F410 /* PBXTargetDependency */ = {
			isa = PBXTargetDependency;
			target = ECC51167541F4D10BDD2FAA0 /* ZERO_CHECK */;
			targetProxy = 33C77253457F494DBCF4C80E /* PBXContainerItemProxy */;
		};
/* End PBXTargetDependency section */

/* Begin XCBuildConfiguration section */
		04191CDC467F4408A871E38B /* Debug */ = {
			isa = XCBuildConfiguration;
			buildSettings = {
				ONLY_ACTIVE_ARCH = YES;
				SDKROOT = /Library/Developer/CommandLineTools/SDKs/MacOSX10.13.sdk;
				SYMROOT = "/Users/ankitgrover/Desktop/Ankit/Udacity/SDC/Github/Term3/CarND-Path-Planning-Project/xcodebuild/build";
			};
			name = Debug;
		};
		0E8312E6BCE44618A447101A /* RelWithDebInfo */ = {
			isa = XCBuildConfiguration;
			buildSettings = {
				COMBINE_HIDPI_IMAGES = YES;
				EXECUTABLE_PREFIX = "";
				EXECUTABLE_SUFFIX = "";
				GCC_GENERATE_DEBUGGING_SYMBOLS = NO;
				GCC_INLINES_ARE_PRIVATE_EXTERN = NO;
				GCC_OPTIMIZATION_LEVEL = 0;
				GCC_PREPROCESSOR_DEFINITIONS = "'CMAKE_INTDIR=\"$(CONFIGURATION)$(EFFECTIVE_PLATFORM_NAME)\"'";
				GCC_SYMBOLS_PRIVATE_EXTERN = NO;
				HEADER_SEARCH_PATHS = (
					/usr/local/include,
					/usr/local/opt/openssl/include,
				);
				INSTALL_PATH = "";
				LD_RUNPATH_SEARCH_PATHS = "/usr/local/lib /usr/local/opt/openssl/lib /usr/local/Cellar/libuv/1.20.3/lib";
				LIBRARY_SEARCH_PATHS = (
					"/usr/local/lib/$(CONFIGURATION)$(EFFECTIVE_PLATFORM_NAME)",
					/usr/local/lib,
					"/usr/local/opt/openssl/lib/$(CONFIGURATION)$(EFFECTIVE_PLATFORM_NAME)",
					/usr/local/opt/openssl/lib,
					"/usr/local/Cellar/libuv/1.20.3/lib/$(CONFIGURATION)$(EFFECTIVE_PLATFORM_NAME)",
					/usr/local/Cellar/libuv/1.20.3/lib,
				);
				OTHER_CPLUSPLUSFLAGS = "   -std=c++11";
				OTHER_LDFLAGS = (
					"-Wl,-search_paths_first",
					"-Wl,-headerpad_max_install_names",
					"-lz",
					"-lssl",
					"-luv",
					"-luWS",
				);
				OTHER_REZFLAGS = "";
				PRODUCT_NAME = path_planning;
				SECTORDER_FLAGS = "";
				SYMROOT = "/Users/ankitgrover/Desktop/Ankit/Udacity/SDC/Github/Term3/CarND-Path-Planning-Project/xcodebuild";
				USE_HEADERMAP = NO;
				WARNING_CFLAGS = (
					"-Wmost",
					"-Wno-four-char-constants",
					"-Wno-unknown-pragmas",
					"$(inherited)",
				);
			};
			name = RelWithDebInfo;
		};
		24C38BA3C6F1414DA508B3F5 /* Debug */ = {
			isa = XCBuildConfiguration;
			buildSettings = {
				COMBINE_HIDPI_IMAGES = YES;
				EXECUTABLE_PREFIX = "";
				EXECUTABLE_SUFFIX = "";
				GCC_GENERATE_DEBUGGING_SYMBOLS = NO;
				GCC_INLINES_ARE_PRIVATE_EXTERN = NO;
				GCC_OPTIMIZATION_LEVEL = 0;
				GCC_PREPROCESSOR_DEFINITIONS = "'CMAKE_INTDIR=\"$(CONFIGURATION)$(EFFECTIVE_PLATFORM_NAME)\"'";
				GCC_SYMBOLS_PRIVATE_EXTERN = NO;
				HEADER_SEARCH_PATHS = (
					/usr/local/include,
					/usr/local/opt/openssl/include,
				);
				INSTALL_PATH = "";
				LD_RUNPATH_SEARCH_PATHS = "/usr/local/lib /usr/local/opt/openssl/lib /usr/local/Cellar/libuv/1.20.3/lib";
				LIBRARY_SEARCH_PATHS = (
					"/usr/local/lib/$(CONFIGURATION)$(EFFECTIVE_PLATFORM_NAME)",
					/usr/local/lib,
					"/usr/local/opt/openssl/lib/$(CONFIGURATION)$(EFFECTIVE_PLATFORM_NAME)",
					/usr/local/opt/openssl/lib,
					"/usr/local/Cellar/libuv/1.20.3/lib/$(CONFIGURATION)$(EFFECTIVE_PLATFORM_NAME)",
					/usr/local/Cellar/libuv/1.20.3/lib,
				);
				OTHER_CPLUSPLUSFLAGS = "   -std=c++11";
				OTHER_LDFLAGS = (
					"-Wl,-search_paths_first",
					"-Wl,-headerpad_max_install_names",
					"-lz",
					"-lssl",
					"-luv",
					"-luWS",
				);
				OTHER_REZFLAGS = "";
				PRODUCT_NAME = path_planning;
				SECTORDER_FLAGS = "";
				SYMROOT = "/Users/ankitgrover/Desktop/Ankit/Udacity/SDC/Github/Term3/CarND-Path-Planning-Project/xcodebuild";
				USE_HEADERMAP = NO;
				WARNING_CFLAGS = (
					"-Wmost",
					"-Wno-four-char-constants",
					"-Wno-unknown-pragmas",
					"$(inherited)",
				);
			};
			name = Debug;
		};
		38B3FB87C3254C1998E99FD8 /* Release */ = {
			isa = XCBuildConfiguration;
			buildSettings = {
				COMBINE_HIDPI_IMAGES = YES;
				EXECUTABLE_PREFIX = "";
				EXECUTABLE_SUFFIX = "";
				GCC_GENERATE_DEBUGGING_SYMBOLS = NO;
				GCC_INLINES_ARE_PRIVATE_EXTERN = NO;
				GCC_OPTIMIZATION_LEVEL = 0;
				GCC_PREPROCESSOR_DEFINITIONS = "'CMAKE_INTDIR=\"$(CONFIGURATION)$(EFFECTIVE_PLATFORM_NAME)\"'";
				GCC_SYMBOLS_PRIVATE_EXTERN = NO;
				HEADER_SEARCH_PATHS = (
					/usr/local/include,
					/usr/local/opt/openssl/include,
				);
				INSTALL_PATH = "";
				LD_RUNPATH_SEARCH_PATHS = "/usr/local/lib /usr/local/opt/openssl/lib /usr/local/Cellar/libuv/1.20.3/lib";
				LIBRARY_SEARCH_PATHS = (
					"/usr/local/lib/$(CONFIGURATION)$(EFFECTIVE_PLATFORM_NAME)",
					/usr/local/lib,
					"/usr/local/opt/openssl/lib/$(CONFIGURATION)$(EFFECTIVE_PLATFORM_NAME)",
					/usr/local/opt/openssl/lib,
					"/usr/local/Cellar/libuv/1.20.3/lib/$(CONFIGURATION)$(EFFECTIVE_PLATFORM_NAME)",
					/usr/local/Cellar/libuv/1.20.3/lib,
				);
				OTHER_CPLUSPLUSFLAGS = "   -std=c++11";
				OTHER_LDFLAGS = (
					"-Wl,-search_paths_first",
					"-Wl,-headerpad_max_install_names",
					"-lz",
					"-lssl",
					"-luv",
					"-luWS",
				);
				OTHER_REZFLAGS = "";
				PRODUCT_NAME = path_planning;
				SECTORDER_FLAGS = "";
				SYMROOT = "/Users/ankitgrover/Desktop/Ankit/Udacity/SDC/Github/Term3/CarND-Path-Planning-Project/xcodebuild";
				USE_HEADERMAP = NO;
				WARNING_CFLAGS = (
					"-Wmost",
					"-Wno-four-char-constants",
					"-Wno-unknown-pragmas",
					"$(inherited)",
				);
			};
			name = Release;
		};
		47C8BE9417624FA1A7A87C05 /* RelWithDebInfo */ = {
			isa = XCBuildConfiguration;
			buildSettings = {
				COMBINE_HIDPI_IMAGES = YES;
				GCC_GENERATE_DEBUGGING_SYMBOLS = YES;
				GCC_INLINES_ARE_PRIVATE_EXTERN = NO;
				GCC_OPTIMIZATION_LEVEL = 0;
				GCC_PREPROCESSOR_DEFINITIONS = "'CMAKE_INTDIR=\"$(CONFIGURATION)$(EFFECTIVE_PLATFORM_NAME)\"'";
				GCC_SYMBOLS_PRIVATE_EXTERN = NO;
				INSTALL_PATH = "";
				OTHER_LDFLAGS = " ";
				OTHER_REZFLAGS = "";
				PRODUCT_NAME = ZERO_CHECK;
				SECTORDER_FLAGS = "";
				SYMROOT = "/Users/ankitgrover/Desktop/Ankit/Udacity/SDC/Github/Term3/CarND-Path-Planning-Project/xcodebuild";
				USE_HEADERMAP = NO;
				WARNING_CFLAGS = (
					"-Wmost",
					"-Wno-four-char-constants",
					"-Wno-unknown-pragmas",
					"$(inherited)",
				);
			};
			name = RelWithDebInfo;
		};
		4CCFC568DB414BFD8FC2749F /* MinSizeRel */ = {
			isa = XCBuildConfiguration;
			buildSettings = {
				COMBINE_HIDPI_IMAGES = YES;
				GCC_GENERATE_DEBUGGING_SYMBOLS = YES;
				GCC_INLINES_ARE_PRIVATE_EXTERN = NO;
				GCC_OPTIMIZATION_LEVEL = 0;
				GCC_PREPROCESSOR_DEFINITIONS = "'CMAKE_INTDIR=\"$(CONFIGURATION)$(EFFECTIVE_PLATFORM_NAME)\"'";
				GCC_SYMBOLS_PRIVATE_EXTERN = NO;
				INSTALL_PATH = "";
				OTHER_LDFLAGS = " ";
				OTHER_REZFLAGS = "";
				PRODUCT_NAME = ALL_BUILD;
				SECTORDER_FLAGS = "";
				SYMROOT = "/Users/ankitgrover/Desktop/Ankit/Udacity/SDC/Github/Term3/CarND-Path-Planning-Project/xcodebuild";
				USE_HEADERMAP = NO;
				WARNING_CFLAGS = (
					"-Wmost",
					"-Wno-four-char-constants",
					"-Wno-unknown-pragmas",
					"$(inherited)",
				);
			};
			name = MinSizeRel;
		};
		67E5B8C69176492AB2FE2425 /* Release */ = {
			isa = XCBuildConfiguration;
			buildSettings = {
				COMBINE_HIDPI_IMAGES = YES;
				GCC_GENERATE_DEBUGGING_SYMBOLS = YES;
				GCC_INLINES_ARE_PRIVATE_EXTERN = NO;
				GCC_OPTIMIZATION_LEVEL = 0;
				GCC_PREPROCESSOR_DEFINITIONS = "'CMAKE_INTDIR=\"$(CONFIGURATION)$(EFFECTIVE_PLATFORM_NAME)\"'";
				GCC_SYMBOLS_PRIVATE_EXTERN = NO;
				INSTALL_PATH = "";
				OTHER_LDFLAGS = " ";
				OTHER_REZFLAGS = "";
				PRODUCT_NAME = ZERO_CHECK;
				SECTORDER_FLAGS = "";
				SYMROOT = "/Users/ankitgrover/Desktop/Ankit/Udacity/SDC/Github/Term3/CarND-Path-Planning-Project/xcodebuild";
				USE_HEADERMAP = NO;
				WARNING_CFLAGS = (
					"-Wmost",
					"-Wno-four-char-constants",
					"-Wno-unknown-pragmas",
					"$(inherited)",
				);
			};
			name = Release;
		};
		7741C0DFF5744600A9B576AC /* RelWithDebInfo */ = {
			isa = XCBuildConfiguration;
			buildSettings = {
				ONLY_ACTIVE_ARCH = YES;
				SDKROOT = /Library/Developer/CommandLineTools/SDKs/MacOSX10.13.sdk;
				SYMROOT = "/Users/ankitgrover/Desktop/Ankit/Udacity/SDC/Github/Term3/CarND-Path-Planning-Project/xcodebuild/build";
			};
			name = RelWithDebInfo;
		};
		7D1EC92BDB174EB3927C5678 /* MinSizeRel */ = {
			isa = XCBuildConfiguration;
			buildSettings = {
				ONLY_ACTIVE_ARCH = YES;
				SDKROOT = /Library/Developer/CommandLineTools/SDKs/MacOSX10.13.sdk;
				SYMROOT = "/Users/ankitgrover/Desktop/Ankit/Udacity/SDC/Github/Term3/CarND-Path-Planning-Project/xcodebuild/build";
			};
			name = MinSizeRel;
		};
		926C95FC0442476883D9658A /* RelWithDebInfo */ = {
			isa = XCBuildConfiguration;
			buildSettings = {
				COMBINE_HIDPI_IMAGES = YES;
				GCC_GENERATE_DEBUGGING_SYMBOLS = YES;
				GCC_INLINES_ARE_PRIVATE_EXTERN = NO;
				GCC_OPTIMIZATION_LEVEL = 0;
				GCC_PREPROCESSOR_DEFINITIONS = "'CMAKE_INTDIR=\"$(CONFIGURATION)$(EFFECTIVE_PLATFORM_NAME)\"'";
				GCC_SYMBOLS_PRIVATE_EXTERN = NO;
				INSTALL_PATH = "";
				OTHER_LDFLAGS = " ";
				OTHER_REZFLAGS = "";
				PRODUCT_NAME = ALL_BUILD;
				SECTORDER_FLAGS = "";
				SYMROOT = "/Users/ankitgrover/Desktop/Ankit/Udacity/SDC/Github/Term3/CarND-Path-Planning-Project/xcodebuild";
				USE_HEADERMAP = NO;
				WARNING_CFLAGS = (
					"-Wmost",
					"-Wno-four-char-constants",
					"-Wno-unknown-pragmas",
					"$(inherited)",
				);
			};
			name = RelWithDebInfo;
		};
		AEDDCEDB56F1455E96D02223 /* Release */ = {
			isa = XCBuildConfiguration;
			buildSettings = {
				ONLY_ACTIVE_ARCH = YES;
				SDKROOT = /Library/Developer/CommandLineTools/SDKs/MacOSX10.13.sdk;
				SYMROOT = "/Users/ankitgrover/Desktop/Ankit/Udacity/SDC/Github/Term3/CarND-Path-Planning-Project/xcodebuild/build";
			};
			name = Release;
		};
		B8F7A0263F9A434288138B3F /* Release */ = {
			isa = XCBuildConfiguration;
			buildSettings = {
				COMBINE_HIDPI_IMAGES = YES;
				GCC_GENERATE_DEBUGGING_SYMBOLS = YES;
				GCC_INLINES_ARE_PRIVATE_EXTERN = NO;
				GCC_OPTIMIZATION_LEVEL = 0;
				GCC_PREPROCESSOR_DEFINITIONS = "'CMAKE_INTDIR=\"$(CONFIGURATION)$(EFFECTIVE_PLATFORM_NAME)\"'";
				GCC_SYMBOLS_PRIVATE_EXTERN = NO;
				INSTALL_PATH = "";
				OTHER_LDFLAGS = " ";
				OTHER_REZFLAGS = "";
				PRODUCT_NAME = ALL_BUILD;
				SECTORDER_FLAGS = "";
				SYMROOT = "/Users/ankitgrover/Desktop/Ankit/Udacity/SDC/Github/Term3/CarND-Path-Planning-Project/xcodebuild";
				USE_HEADERMAP = NO;
				WARNING_CFLAGS = (
					"-Wmost",
					"-Wno-four-char-constants",
					"-Wno-unknown-pragmas",
					"$(inherited)",
				);
			};
			name = Release;
		};
		C643D9657E07413FA4F481D0 /* Debug */ = {
			isa = XCBuildConfiguration;
			buildSettings = {
				COMBINE_HIDPI_IMAGES = YES;
				GCC_GENERATE_DEBUGGING_SYMBOLS = YES;
				GCC_INLINES_ARE_PRIVATE_EXTERN = NO;
				GCC_OPTIMIZATION_LEVEL = 0;
				GCC_PREPROCESSOR_DEFINITIONS = "'CMAKE_INTDIR=\"$(CONFIGURATION)$(EFFECTIVE_PLATFORM_NAME)\"'";
				GCC_SYMBOLS_PRIVATE_EXTERN = NO;
				INSTALL_PATH = "";
				OTHER_LDFLAGS = " ";
				OTHER_REZFLAGS = "";
				PRODUCT_NAME = ALL_BUILD;
				SECTORDER_FLAGS = "";
				SYMROOT = "/Users/ankitgrover/Desktop/Ankit/Udacity/SDC/Github/Term3/CarND-Path-Planning-Project/xcodebuild";
				USE_HEADERMAP = NO;
				WARNING_CFLAGS = (
					"-Wmost",
					"-Wno-four-char-constants",
					"-Wno-unknown-pragmas",
					"$(inherited)",
				);
			};
			name = Debug;
		};
		D5DAB2AA627C4A54B213451A /* MinSizeRel */ = {
			isa = XCBuildConfiguration;
			buildSettings = {
				COMBINE_HIDPI_IMAGES = YES;
				GCC_GENERATE_DEBUGGING_SYMBOLS = YES;
				GCC_INLINES_ARE_PRIVATE_EXTERN = NO;
				GCC_OPTIMIZATION_LEVEL = 0;
				GCC_PREPROCESSOR_DEFINITIONS = "'CMAKE_INTDIR=\"$(CONFIGURATION)$(EFFECTIVE_PLATFORM_NAME)\"'";
				GCC_SYMBOLS_PRIVATE_EXTERN = NO;
				INSTALL_PATH = "";
				OTHER_LDFLAGS = " ";
				OTHER_REZFLAGS = "";
				PRODUCT_NAME = ZERO_CHECK;
				SECTORDER_FLAGS = "";
				SYMROOT = "/Users/ankitgrover/Desktop/Ankit/Udacity/SDC/Github/Term3/CarND-Path-Planning-Project/xcodebuild";
				USE_HEADERMAP = NO;
				WARNING_CFLAGS = (
					"-Wmost",
					"-Wno-four-char-constants",
					"-Wno-unknown-pragmas",
					"$(inherited)",
				);
			};
			name = MinSizeRel;
		};
		E0E6133801FD41DE846E93FA /* Debug */ = {
			isa = XCBuildConfiguration;
			buildSettings = {
				COMBINE_HIDPI_IMAGES = YES;
				GCC_GENERATE_DEBUGGING_SYMBOLS = YES;
				GCC_INLINES_ARE_PRIVATE_EXTERN = NO;
				GCC_OPTIMIZATION_LEVEL = 0;
				GCC_PREPROCESSOR_DEFINITIONS = "'CMAKE_INTDIR=\"$(CONFIGURATION)$(EFFECTIVE_PLATFORM_NAME)\"'";
				GCC_SYMBOLS_PRIVATE_EXTERN = NO;
				INSTALL_PATH = "";
				OTHER_LDFLAGS = " ";
				OTHER_REZFLAGS = "";
				PRODUCT_NAME = ZERO_CHECK;
				SECTORDER_FLAGS = "";
				SYMROOT = "/Users/ankitgrover/Desktop/Ankit/Udacity/SDC/Github/Term3/CarND-Path-Planning-Project/xcodebuild";
				USE_HEADERMAP = NO;
				WARNING_CFLAGS = (
					"-Wmost",
					"-Wno-four-char-constants",
					"-Wno-unknown-pragmas",
					"$(inherited)",
				);
			};
			name = Debug;
		};
		E3DAB23AD6E24478A68B5A74 /* MinSizeRel */ = {
			isa = XCBuildConfiguration;
			buildSettings = {
				COMBINE_HIDPI_IMAGES = YES;
				EXECUTABLE_PREFIX = "";
				EXECUTABLE_SUFFIX = "";
				GCC_GENERATE_DEBUGGING_SYMBOLS = NO;
				GCC_INLINES_ARE_PRIVATE_EXTERN = NO;
				GCC_OPTIMIZATION_LEVEL = 0;
				GCC_PREPROCESSOR_DEFINITIONS = "'CMAKE_INTDIR=\"$(CONFIGURATION)$(EFFECTIVE_PLATFORM_NAME)\"'";
				GCC_SYMBOLS_PRIVATE_EXTERN = NO;
				HEADER_SEARCH_PATHS = (
					/usr/local/include,
					/usr/local/opt/openssl/include,
				);
				INSTALL_PATH = "";
				LD_RUNPATH_SEARCH_PATHS = "/usr/local/lib /usr/local/opt/openssl/lib /usr/local/Cellar/libuv/1.20.3/lib";
				LIBRARY_SEARCH_PATHS = (
					"/usr/local/lib/$(CONFIGURATION)$(EFFECTIVE_PLATFORM_NAME)",
					/usr/local/lib,
					"/usr/local/opt/openssl/lib/$(CONFIGURATION)$(EFFECTIVE_PLATFORM_NAME)",
					/usr/local/opt/openssl/lib,
					"/usr/local/Cellar/libuv/1.20.3/lib/$(CONFIGURATION)$(EFFECTIVE_PLATFORM_NAME)",
					/usr/local/Cellar/libuv/1.20.3/lib,
				);
				OTHER_CPLUSPLUSFLAGS = "   -std=c++11";
				OTHER_LDFLAGS = (
					"-Wl,-search_paths_first",
					"-Wl,-headerpad_max_install_names",
					"-lz",
					"-lssl",
					"-luv",
					"-luWS",
				);
				OTHER_REZFLAGS = "";
				PRODUCT_NAME = path_planning;
				SECTORDER_FLAGS = "";
				SYMROOT = "/Users/ankitgrover/Desktop/Ankit/Udacity/SDC/Github/Term3/CarND-Path-Planning-Project/xcodebuild";
				USE_HEADERMAP = NO;
				WARNING_CFLAGS = (
					"-Wmost",
					"-Wno-four-char-constants",
					"-Wno-unknown-pragmas",
					"$(inherited)",
				);
			};
			name = MinSizeRel;
		};
/* End XCBuildConfiguration section */

/* Begin XCConfigurationList section */
		1783163583F6488BAC732AAE /* Build configuration list for PBXAggregateTarget "ZERO_CHECK" */ = {
			isa = XCConfigurationList;
			buildConfigurations = (
				E0E6133801FD41DE846E93FA /* Debug */,
				67E5B8C69176492AB2FE2425 /* Release */,
				D5DAB2AA627C4A54B213451A /* MinSizeRel */,
				47C8BE9417624FA1A7A87C05 /* RelWithDebInfo */,
			);
			defaultConfigurationIsVisible = 0;
			defaultConfigurationName = Debug;
		};
		19333B20EBE54CA68DE90B29 /* Build configuration list for PBXAggregateTarget "ALL_BUILD" */ = {
			isa = XCConfigurationList;
			buildConfigurations = (
				C643D9657E07413FA4F481D0 /* Debug */,
				B8F7A0263F9A434288138B3F /* Release */,
				4CCFC568DB414BFD8FC2749F /* MinSizeRel */,
				926C95FC0442476883D9658A /* RelWithDebInfo */,
			);
			defaultConfigurationIsVisible = 0;
			defaultConfigurationName = Debug;
		};
		28237AD81E60496B95CF42CD /* Build configuration list for PBXNativeTarget "path_planning" */ = {
			isa = XCConfigurationList;
			buildConfigurations = (
				24C38BA3C6F1414DA508B3F5 /* Debug */,
				38B3FB87C3254C1998E99FD8 /* Release */,
				E3DAB23AD6E24478A68B5A74 /* MinSizeRel */,
				0E8312E6BCE44618A447101A /* RelWithDebInfo */,
			);
			defaultConfigurationIsVisible = 0;
			defaultConfigurationName = Debug;
		};
		35F0934719EE4CE5B2F9EC3B /* Build configuration list for PBXProject "Path_Planning" */ = {
			isa = XCConfigurationList;
			buildConfigurations = (
				04191CDC467F4408A871E38B /* Debug */,
				AEDDCEDB56F1455E96D02223 /* Release */,
				7D1EC92BDB174EB3927C5678 /* MinSizeRel */,
				7741C0DFF5744600A9B576AC /* RelWithDebInfo */,
			);
			defaultConfigurationIsVisible = 0;
			defaultConfigurationName = Debug;
		};
/* End XCConfigurationList section */
	};
	rootObject = D9504BC72EFF47449B70B576 /* Project object */;
}
